PODS:
  - Alamofire (4.4.0)
  - DropDown (2.3.13)
  - FSPagerView (0.8.3)
  - IQKeyboardManagerSwift (6.5.5)
  - LGSideMenuController (2.1.1)
  - Material (3.1.8):
    - Material/Core (= 3.1.8)
  - Material/Core (3.1.8):
    - Motion (~> 3.1.1)
  - MBProgressHUD (1.2.0)
  - Motion (3.1.3):
    - Motion/Core (= 3.1.3)
  - Motion/Core (3.1.3)
  - SwiftyJSON (4.3.0)

DEPENDENCIES:
  - Alamofire (= 4.4.0)
  - DropDown
  - FSPagerView
  - IQKeyboardManagerSwift
  - LGSideMenuController
  - Material (~> 3.1.0)
  - MBProgressHUD (~> 1.2.0)
  - SwiftyJSON (~> 4.0)

SPEC REPOS:
  trunk:
    - Alamofire
    - DropDown
    - FSPagerView
    - IQKeyboardManagerSwift
    - LGSideMenuController
    - Material
    - MBProgressHUD
    - Motion
    - SwiftyJSON

SPEC CHECKSUMS:
  Alamofire: dc44b1600b800eb63da6a19039a0083d62a6a62d
  DropDown: 8a2116376c1981888557f72ec2ffc9a5e0e456ec
  FSPagerView: 670405b2f18e2a87fa37f20b00de783e562c25a8
  IQKeyboardManagerSwift: 0fb93310284665245591f50f7a5e38de615960b7
  LGSideMenuController: ae40c80983ab8b8801c7cef0a6804d43aaa72d45
  Material: a2a3f400a3b549d53ef89e56c58c4535b29db387
  MBProgressHUD: 3ee5efcc380f6a79a7cc9b363dd669c5e1ae7406
  Motion: cf1e060e489f6661126374d5c60dbd2ed991605c
  SwiftyJSON: 6faa0040f8b59dead0ee07436cbf76b73c08fd08

PODFILE CHECKSUM: 6249987d668f294b9eb0f197f8eb8a9a369dfb5d

COCOAPODS: 1.10.1
